// !$*UTF8*$!
{
	archiveVersion = 1;
	classes = {
	};
	objectVersion = 50;
	objects = {

/* Begin PBXBuildFile section */
		5911C7F4225C3C0700BF89FB /* AppDelegate.swift in Sources */ = {isa = PBXBuildFile; fileRef = 5911C7F3225C3C0700BF89FB /* AppDelegate.swift */; };
		5911C7F6225C3C0700BF89FB /* ViewController.swift in Sources */ = {isa = PBXBuildFile; fileRef = 5911C7F5225C3C0700BF89FB /* ViewController.swift */; };
		5911C7F9225C3C0700BF89FB /* Main.storyboard in Resources */ = {isa = PBXBuildFile; fileRef = 5911C7F7225C3C0700BF89FB /* Main.storyboard */; };
		5911C7FC225C3C0700BF89FB /* iOSPlayer.xcdatamodeld in Sources */ = {isa = PBXBuildFile; fileRef = 5911C7FA225C3C0700BF89FB /* iOSPlayer.xcdatamodeld */; };
		5911C7FE225C3C0800BF89FB /* Assets.xcassets in Resources */ = {isa = PBXBuildFile; fileRef = 5911C7FD225C3C0800BF89FB /* Assets.xcassets */; };
		5911C801225C3C0800BF89FB /* LaunchScreen.storyboard in Resources */ = {isa = PBXBuildFile; fileRef = 5911C7FF225C3C0800BF89FB /* LaunchScreen.storyboard */; };
		5911C809225C3C9000BF89FB /* testmv.mp4 in Resources */ = {isa = PBXBuildFile; fileRef = 5911C808225C3C8F00BF89FB /* testmv.mp4 */; };
		5911C80C225C3CA000BF89FB /* AVFoundation.framework in Frameworks */ = {isa = PBXBuildFile; fileRef = 5911C80B225C3CA000BF89FB /* AVFoundation.framework */; };
		5911C80E225C3CA600BF89FB /* AVKit.framework in Frameworks */ = {isa = PBXBuildFile; fileRef = 5911C80D225C3CA600BF89FB /* AVKit.framework */; };
		591BD164228121CC00CEF8D1 /* HomeTableViewController.swift in Sources */ = {isa = PBXBuildFile; fileRef = 591BD163228121CC00CEF8D1 /* HomeTableViewController.swift */; };
		591BD16822812EA600CEF8D1 /* VideoModel.swift in Sources */ = {isa = PBXBuildFile; fileRef = 591BD16722812EA600CEF8D1 /* VideoModel.swift */; };
		591BD16A22812ED700CEF8D1 /* PlayVideoDataModel.swift in Sources */ = {isa = PBXBuildFile; fileRef = 591BD16922812ED700CEF8D1 /* PlayVideoDataModel.swift */; };
		591BD16C228130C500CEF8D1 /* Constant.swift in Sources */ = {isa = PBXBuildFile; fileRef = 591BD16B228130C500CEF8D1 /* Constant.swift */; };
		591BD1702281472F00CEF8D1 /* testmv.png in Resources */ = {isa = PBXBuildFile; fileRef = 591BD16F2281472F00CEF8D1 /* testmv.png */; };
		591BD1732281F34300CEF8D1 /* HomeTableViewCell.swift in Sources */ = {isa = PBXBuildFile; fileRef = 591BD1722281F34300CEF8D1 /* HomeTableViewCell.swift */; };
		591BD17822834E5100CEF8D1 /* VideoTableViewCell.swift in Sources */ = {isa = PBXBuildFile; fileRef = 591BD17722834E5100CEF8D1 /* VideoTableViewCell.swift */; };
		591BD17A22834F6000CEF8D1 /* PlayLocalVideoViewController.swift in Sources */ = {isa = PBXBuildFile; fileRef = 591BD17922834F6000CEF8D1 /* PlayLocalVideoViewController.swift */; };
		591BD17C228350C500CEF8D1 /* DirectoryViewController.swift in Sources */ = {isa = PBXBuildFile; fileRef = 591BD17B228350C500CEF8D1 /* DirectoryViewController.swift */; };
		5920E4AB2262ABA2000665F2 /* AllCustomerController.swift in Sources */ = {isa = PBXBuildFile; fileRef = 5920E4AA2262ABA2000665F2 /* AllCustomerController.swift */; };
/* End PBXBuildFile section */

/* Begin PBXFileReference section */
		5911C7F0225C3C0700BF89FB /* iOSPlayer.app */ = {isa = PBXFileReference; explicitFileType = wrapper.application; includeInIndex = 0; path = iOSPlayer.app; sourceTree = BUILT_PRODUCTS_DIR; };
		5911C7F3225C3C0700BF89FB /* AppDelegate.swift */ = {isa = PBXFileReference; lastKnownFileType = sourcecode.swift; path = AppDelegate.swift; sourceTree = "<group>"; };
		5911C7F5225C3C0700BF89FB /* ViewController.swift */ = {isa = PBXFileReference; lastKnownFileType = sourcecode.swift; path = ViewController.swift; sourceTree = "<group>"; };
		5911C7F8225C3C0700BF89FB /* Base */ = {isa = PBXFileReference; lastKnownFileType = file.storyboard; name = Base; path = Base.lproj/Main.storyboard; sourceTree = "<group>"; };
		5911C7FB225C3C0700BF89FB /* iOSPlayer.xcdatamodel */ = {isa = PBXFileReference; lastKnownFileType = wrapper.xcdatamodel; path = iOSPlayer.xcdatamodel; sourceTree = "<group>"; };
		5911C7FD225C3C0800BF89FB /* Assets.xcassets */ = {isa = PBXFileReference; lastKnownFileType = folder.assetcatalog; path = Assets.xcassets; sourceTree = "<group>"; };
		5911C800225C3C0800BF89FB /* Base */ = {isa = PBXFileReference; lastKnownFileType = file.storyboard; name = Base; path = Base.lproj/LaunchScreen.storyboard; sourceTree = "<group>"; };
		5911C802225C3C0800BF89FB /* Info.plist */ = {isa = PBXFileReference; lastKnownFileType = text.plist.xml; path = Info.plist; sourceTree = "<group>"; };
		5911C808225C3C8F00BF89FB /* testmv.mp4 */ = {isa = PBXFileReference; lastKnownFileType = file; path = testmv.mp4; sourceTree = "<group>"; };
		5911C80B225C3CA000BF89FB /* AVFoundation.framework */ = {isa = PBXFileReference; lastKnownFileType = wrapper.framework; name = AVFoundation.framework; path = System/Library/Frameworks/AVFoundation.framework; sourceTree = SDKROOT; };
		5911C80D225C3CA600BF89FB /* AVKit.framework */ = {isa = PBXFileReference; lastKnownFileType = wrapper.framework; name = AVKit.framework; path = System/Library/Frameworks/AVKit.framework; sourceTree = SDKROOT; };
		591BD163228121CC00CEF8D1 /* HomeTableViewController.swift */ = {isa = PBXFileReference; lastKnownFileType = sourcecode.swift; path = HomeTableViewController.swift; sourceTree = "<group>"; };
		591BD16722812EA600CEF8D1 /* VideoModel.swift */ = {isa = PBXFileReference; lastKnownFileType = sourcecode.swift; path = VideoModel.swift; sourceTree = "<group>"; };
		591BD16922812ED700CEF8D1 /* PlayVideoDataModel.swift */ = {isa = PBXFileReference; lastKnownFileType = sourcecode.swift; path = PlayVideoDataModel.swift; sourceTree = "<group>"; };
		591BD16B228130C500CEF8D1 /* Constant.swift */ = {isa = PBXFileReference; lastKnownFileType = sourcecode.swift; path = Constant.swift; sourceTree = "<group>"; };
		591BD16F2281472F00CEF8D1 /* testmv.png */ = {isa = PBXFileReference; lastKnownFileType = image.png; path = testmv.png; sourceTree = "<group>"; };
		591BD1722281F34300CEF8D1 /* HomeTableViewCell.swift */ = {isa = PBXFileReference; lastKnownFileType = sourcecode.swift; path = HomeTableViewCell.swift; sourceTree = "<group>"; };
		591BD17722834E5100CEF8D1 /* VideoTableViewCell.swift */ = {isa = PBXFileReference; lastKnownFileType = sourcecode.swift; path = VideoTableViewCell.swift; sourceTree = "<group>"; };
		591BD17922834F6000CEF8D1 /* PlayLocalVideoViewController.swift */ = {isa = PBXFileReference; lastKnownFileType = sourcecode.swift; path = PlayLocalVideoViewController.swift; sourceTree = "<group>"; };
		591BD17B228350C500CEF8D1 /* DirectoryViewController.swift */ = {isa = PBXFileReference; lastKnownFileType = sourcecode.swift; path = DirectoryViewController.swift; sourceTree = "<group>"; };
		5920E4AA2262ABA2000665F2 /* AllCustomerController.swift */ = {isa = PBXFileReference; lastKnownFileType = sourcecode.swift; path = AllCustomerController.swift; sourceTree = "<group>"; };
/* End PBXFileReference section */

/* Begin PBXFrameworksBuildPhase section */
		5911C7ED225C3C0700BF89FB /* Frameworks */ = {
			isa = PBXFrameworksBuildPhase;
			buildActionMask = 2147483647;
			files = (
				5911C80E225C3CA600BF89FB /* AVKit.framework in Frameworks */,
				5911C80C225C3CA000BF89FB /* AVFoundation.framework in Frameworks */,
			);
			runOnlyForDeploymentPostprocessing = 0;
		};
/* End PBXFrameworksBuildPhase section */

/* Begin PBXGroup section */
		5911C7E7225C3C0600BF89FB = {
			isa = PBXGroup;
			children = (
				5911C7F2225C3C0700BF89FB /* iOSPlayer */,
				5911C7F1225C3C0700BF89FB /* Products */,
				5911C80A225C3CA000BF89FB /* Frameworks */,
			);
			sourceTree = "<group>";
		};
		5911C7F1225C3C0700BF89FB /* Products */ = {
			isa = PBXGroup;
			children = (
				5911C7F0225C3C0700BF89FB /* iOSPlayer.app */,
			);
			name = Products;
			sourceTree = "<group>";
		};
		5911C7F2225C3C0700BF89FB /* iOSPlayer */ = {
			isa = PBXGroup;
			children = (
				591BD1742282467F00CEF8D1 /* Demo */,
				591BD16622812E8C00CEF8D1 /* model */,
				5911C7F3225C3C0700BF89FB /* AppDelegate.swift */,
				5911C7F5225C3C0700BF89FB /* ViewController.swift */,
				5911C7F7225C3C0700BF89FB /* Main.storyboard */,
				5911C7FD225C3C0800BF89FB /* Assets.xcassets */,
				5911C7FF225C3C0800BF89FB /* LaunchScreen.storyboard */,
				5911C802225C3C0800BF89FB /* Info.plist */,
				5911C7FA225C3C0700BF89FB /* iOSPlayer.xcdatamodeld */,
				591BD16522812E3900CEF8D1 /* test */,
			);
			path = iOSPlayer;
			sourceTree = "<group>";
		};
		5911C80A225C3CA000BF89FB /* Frameworks */ = {
			isa = PBXGroup;
			children = (
				5911C80D225C3CA600BF89FB /* AVKit.framework */,
				5911C80B225C3CA000BF89FB /* AVFoundation.framework */,
			);
			name = Frameworks;
			sourceTree = "<group>";
		};
		591BD16522812E3900CEF8D1 /* test */ = {
			isa = PBXGroup;
			children = (
				591BD16F2281472F00CEF8D1 /* testmv.png */,
				5911C808225C3C8F00BF89FB /* testmv.mp4 */,
			);
			path = test;
			sourceTree = "<group>";
		};
		591BD16622812E8C00CEF8D1 /* model */ = {
			isa = PBXGroup;
			children = (
				591BD16B228130C500CEF8D1 /* Constant.swift */,
				591BD16722812EA600CEF8D1 /* VideoModel.swift */,
				591BD16922812ED700CEF8D1 /* PlayVideoDataModel.swift */,
				591BD17722834E5100CEF8D1 /* VideoTableViewCell.swift */,
				591BD17922834F6000CEF8D1 /* PlayLocalVideoViewController.swift */,
				591BD17B228350C500CEF8D1 /* DirectoryViewController.swift */,
			);
			path = model;
			sourceTree = "<group>";
		};
		591BD1742282467F00CEF8D1 /* Demo */ = {
			isa = PBXGroup;
			children = (
				5920E4AA2262ABA2000665F2 /* AllCustomerController.swift */,
				591BD163228121CC00CEF8D1 /* HomeTableViewController.swift */,
				591BD1722281F34300CEF8D1 /* HomeTableViewCell.swift */,
			);
			path = Demo;
			sourceTree = "<group>";
		};
/* End PBXGroup section */

/* Begin PBXNativeTarget section */
		5911C7EF225C3C0700BF89FB /* iOSPlayer */ = {
			isa = PBXNativeTarget;
			buildConfigurationList = 5911C805225C3C0800BF89FB /* Build configuration list for PBXNativeTarget "iOSPlayer" */;
			buildPhases = (
				5911C7EC225C3C0700BF89FB /* Sources */,
				5911C7ED225C3C0700BF89FB /* Frameworks */,
				5911C7EE225C3C0700BF89FB /* Resources */,
			);
			buildRules = (
			);
			dependencies = (
			);
			name = iOSPlayer;
			productName = iOSPlayer;
			productReference = 5911C7F0225C3C0700BF89FB /* iOSPlayer.app */;
			productType = "com.apple.product-type.application";
		};
/* End PBXNativeTarget section */

/* Begin PBXProject section */
		5911C7E8225C3C0600BF89FB /* Project object */ = {
			isa = PBXProject;
			attributes = {
				LastSwiftUpdateCheck = 1020;
				LastUpgradeCheck = 1020;
				ORGANIZATIONNAME = "Yining Wen";
				TargetAttributes = {
					5911C7EF225C3C0700BF89FB = {
						CreatedOnToolsVersion = 10.2;
					};
				};
			};
			buildConfigurationList = 5911C7EB225C3C0600BF89FB /* Build configuration list for PBXProject "iOSPlayer" */;
			compatibilityVersion = "Xcode 9.3";
			developmentRegion = en;
			hasScannedForEncodings = 0;
			knownRegions = (
				en,
				Base,
			);
			mainGroup = 5911C7E7225C3C0600BF89FB;
			productRefGroup = 5911C7F1225C3C0700BF89FB /* Products */;
			projectDirPath = "";
			projectRoot = "";
			targets = (
				5911C7EF225C3C0700BF89FB /* iOSPlayer */,
			);
		};
/* End PBXProject section */

/* Begin PBXResourcesBuildPhase section */
		5911C7EE225C3C0700BF89FB /* Resources */ = {
			isa = PBXResourcesBuildPhase;
			buildActionMask = 2147483647;
			files = (
				5911C809225C3C9000BF89FB /* testmv.mp4 in Resources */,
				5911C801225C3C0800BF89FB /* LaunchScreen.storyboard in Resources */,
				5911C7FE225C3C0800BF89FB /* Assets.xcassets in Resources */,
				591BD1702281472F00CEF8D1 /* testmv.png in Resources */,
				5911C7F9225C3C0700BF89FB /* Main.storyboard in Resources */,
			);
			runOnlyForDeploymentPostprocessing = 0;
		};
/* End PBXResourcesBuildPhase section */

/* Begin PBXSourcesBuildPhase section */
		5911C7EC225C3C0700BF89FB /* Sources */ = {
			isa = PBXSourcesBuildPhase;
			buildActionMask = 2147483647;
			files = (
				591BD164228121CC00CEF8D1 /* HomeTableViewController.swift in Sources */,
				591BD16822812EA600CEF8D1 /* VideoModel.swift in Sources */,
				591BD16C228130C500CEF8D1 /* Constant.swift in Sources */,
				5911C7FC225C3C0700BF89FB /* iOSPlayer.xcdatamodeld in Sources */,
				591BD16A22812ED700CEF8D1 /* PlayVideoDataModel.swift in Sources */,
				591BD1732281F34300CEF8D1 /* HomeTableViewCell.swift in Sources */,
				5911C7F6225C3C0700BF89FB /* ViewController.swift in Sources */,
				5911C7F4225C3C0700BF89FB /* AppDelegate.swift in Sources */,
				591BD17C228350C500CEF8D1 /* DirectoryViewController.swift in Sources */,
				5920E4AB2262ABA2000665F2 /* AllCustomerController.swift in Sources */,
				591BD17822834E5100CEF8D1 /* VideoTableViewCell.swift in Sources */,
				591BD17A22834F6000CEF8D1 /* PlayLocalVideoViewController.swift in Sources */,
			);
			runOnlyForDeploymentPostprocessing = 0;
		};
/* End PBXSourcesBuildPhase section */

/* Begin PBXVariantGroup section */
		5911C7F7225C3C0700BF89FB /* Main.storyboard */ = {
			isa = PBXVariantGroup;
			children = (
				5911C7F8225C3C0700BF89FB /* Base */,
			);
			name = Main.storyboard;
			sourceTree = "<group>";
		};
		5911C7FF225C3C0800BF89FB /* LaunchScreen.storyboard */ = {
			isa = PBXVariantGroup;
			children = (
				5911C800225C3C0800BF89FB /* Base */,
			);
			name = LaunchScreen.storyboard;
			sourceTree = "<group>";
		};
/* End PBXVariantGroup section */

/* Begin XCBuildConfiguration section */
		5911C803225C3C0800BF89FB /* Debug */ = {
			isa = XCBuildConfiguration;
			buildSettings = {
				ALWAYS_SEARCH_USER_PATHS = NO;
				CLANG_ANALYZER_NONNULL = YES;
				CLANG_ANALYZER_NUMBER_OBJECT_CONVERSION = YES_AGGRESSIVE;
				CLANG_CXX_LANGUAGE_STANDARD = "gnu++14";
				CLANG_CXX_LIBRARY = "libc++";
				CLANG_ENABLE_MODULES = YES;
				CLANG_ENABLE_OBJC_ARC = YES;
				CLANG_ENABLE_OBJC_WEAK = YES;
				CLANG_WARN_BLOCK_CAPTURE_AUTORELEASING = YES;
				CLANG_WARN_BOOL_CONVERSION = YES;
				CLANG_WARN_COMMA = YES;
				CLANG_WARN_CONSTANT_CONVERSION = YES;
				CLANG_WARN_DEPRECATED_OBJC_IMPLEMENTATIONS = YES;
				CLANG_WARN_DIRECT_OBJC_ISA_USAGE = YES_ERROR;
				CLANG_WARN_DOCUMENTATION_COMMENTS = YES;
				CLANG_WARN_EMPTY_BODY = YES;
				CLANG_WARN_ENUM_CONVERSION = YES;
				CLANG_WARN_INFINITE_RECURSION = YES;
				CLANG_WARN_INT_CONVERSION = YES;
				CLANG_WARN_NON_LITERAL_NULL_CONVERSION = YES;
				CLANG_WARN_OBJC_IMPLICIT_RETAIN_SELF = YES;
				CLANG_WARN_OBJC_LITERAL_CONVERSION = YES;
				CLANG_WARN_OBJC_ROOT_CLASS = YES_ERROR;
				CLANG_WARN_RANGE_LOOP_ANALYSIS = YES;
				CLANG_WARN_STRICT_PROTOTYPES = YES;
				CLANG_WARN_SUSPICIOUS_MOVE = YES;
				CLANG_WARN_UNGUARDED_AVAILABILITY = YES_AGGRESSIVE;
				CLANG_WARN_UNREACHABLE_CODE = YES;
				CLANG_WARN__DUPLICATE_METHOD_MATCH = YES;
				CODE_SIGN_IDENTITY = "iPhone Developer";
				COPY_PHASE_STRIP = NO;
				DEBUG_INFORMATION_FORMAT = dwarf;
				ENABLE_STRICT_OBJC_MSGSEND = YES;
				ENABLE_TESTABILITY = YES;
				GCC_C_LANGUAGE_STANDARD = gnu11;
				GCC_DYNAMIC_NO_PIC = NO;
				GCC_NO_COMMON_BLOCKS = YES;
				GCC_OPTIMIZATION_LEVEL = 0;
				GCC_PREPROCESSOR_DEFINITIONS = (
					"DEBUG=1",
					"$(inherited)",
				);
				GCC_WARN_64_TO_32_BIT_CONVERSION = YES;
				GCC_WARN_ABOUT_RETURN_TYPE = YES_ERROR;
				GCC_WARN_UNDECLARED_SELECTOR = YES;
				GCC_WARN_UNINITIALIZED_AUTOS = YES_AGGRESSIVE;
				GCC_WARN_UNUSED_FUNCTION = YES;
				GCC_WARN_UNUSED_VARIABLE = YES;
				IPHONEOS_DEPLOYMENT_TARGET = 12.2;
				MTL_ENABLE_DEBUG_INFO = INCLUDE_SOURCE;
				MTL_FAST_MATH = YES;
				ONLY_ACTIVE_ARCH = YES;
				SDKROOT = iphoneos;
				SWIFT_ACTIVE_COMPILATION_CONDITIONS = DEBUG;
				SWIFT_OPTIMIZATION_LEVEL = "-Onone";
			};
			name = Debug;
		};
		5911C804225C3C0800BF89FB /* Release */ = {
			isa = XCBuildConfiguration;
			buildSettings = {
				ALWAYS_SEARCH_USER_PATHS = NO;
				CLANG_ANALYZER_NONNULL = YES;
				CLANG_ANALYZER_NUMBER_OBJECT_CONVERSION = YES_AGGRESSIVE;
				CLANG_CXX_LANGUAGE_STANDARD = "gnu++14";
				CLANG_CXX_LIBRARY = "libc++";
				CLANG_ENABLE_MODULES = YES;
				CLANG_ENABLE_OBJC_ARC = YES;
				CLANG_ENABLE_OBJC_WEAK = YES;
				CLANG_WARN_BLOCK_CAPTURE_AUTORELEASING = YES;
				CLANG_WARN_BOOL_CONVERSION = YES;
				CLANG_WARN_COMMA = YES;
				CLANG_WARN_CONSTANT_CONVERSION = YES;
				CLANG_WARN_DEPRECATED_OBJC_IMPLEMENTATIONS = YES;
				CLANG_WARN_DIRECT_OBJC_ISA_USAGE = YES_ERROR;
				CLANG_WARN_DOCUMENTATION_COMMENTS = YES;
				CLANG_WARN_EMPTY_BODY = YES;
				CLANG_WARN_ENUM_CONVERSION = YES;
				CLANG_WARN_INFINITE_RECURSION = YES;
				CLANG_WARN_INT_CONVERSION = YES;
				CLANG_WARN_NON_LITERAL_NULL_CONVERSION = YES;
				CLANG_WARN_OBJC_IMPLICIT_RETAIN_SELF = YES;
				CLANG_WARN_OBJC_LITERAL_CONVERSION = YES;
				CLANG_WARN_OBJC_ROOT_CLASS = YES_ERROR;
				CLANG_WARN_RANGE_LOOP_ANALYSIS = YES;
				CLANG_WARN_STRICT_PROTOTYPES = YES;
				CLANG_WARN_SUSPICIOUS_MOVE = YES;
				CLANG_WARN_UNGUARDED_AVAILABILITY = YES_AGGRESSIVE;
				CLANG_WARN_UNREACHABLE_CODE = YES;
				CLANG_WARN__DUPLICATE_METHOD_MATCH = YES;
				CODE_SIGN_IDENTITY = "iPhone Developer";
				COPY_PHASE_STRIP = NO;
				DEBUG_INFORMATION_FORMAT = "dwarf-with-dsym";
				ENABLE_NS_ASSERTIONS = NO;
				ENABLE_STRICT_OBJC_MSGSEND = YES;
				GCC_C_LANGUAGE_STANDARD = gnu11;
				GCC_NO_COMMON_BLOCKS = YES;
				GCC_WARN_64_TO_32_BIT_CONVERSION = YES;
				GCC_WARN_ABOUT_RETURN_TYPE = YES_ERROR;
				GCC_WARN_UNDECLARED_SELECTOR = YES;
				GCC_WARN_UNINITIALIZED_AUTOS = YES_AGGRESSIVE;
				GCC_WARN_UNUSED_FUNCTION = YES;
				GCC_WARN_UNUSED_VARIABLE = YES;
				IPHONEOS_DEPLOYMENT_TARGET = 12.2;
				MTL_ENABLE_DEBUG_INFO = NO;
				MTL_FAST_MATH = YES;
				SDKROOT = iphoneos;
				SWIFT_COMPILATION_MODE = wholemodule;
				SWIFT_OPTIMIZATION_LEVEL = "-O";
				VALIDATE_PRODUCT = YES;
			};
			name = Release;
		};
		5911C806225C3C0800BF89FB /* Debug */ = {
			isa = XCBuildConfiguration;
			buildSettings = {
				ASSETCATALOG_COMPILER_APPICON_NAME = AppIcon;
				CODE_SIGN_STYLE = Automatic;
				DEVELOPMENT_TEAM = 6NPK6TP64V;
				INFOPLIST_FILE = iOSPlayer/Info.plist;
				LD_RUNPATH_SEARCH_PATHS = (
					"$(inherited)",
					"@executable_path/Frameworks",
				);
				PRODUCT_BUNDLE_IDENTIFIER = com.MichaelWen.iOSPlayer;
				PRODUCT_NAME = "$(TARGET_NAME)";
				SWIFT_VERSION = 5.0;
				TARGETED_DEVICE_FAMILY = "1,2";
			};
			name = Debug;
		};
		5911C807225C3C0800BF89FB /* Release */ = {
			isa = XCBuildConfiguration;
			buildSettings = {
				ASSETCATALOG_COMPILER_APPICON_NAME = AppIcon;
				CODE_SIGN_STYLE = Automatic;
				DEVELOPMENT_TEAM = 6NPK6TP64V;
				INFOPLIST_FILE = iOSPlayer/Info.plist;
				LD_RUNPATH_SEARCH_PATHS = (
					"$(inherited)",
					"@executable_path/Frameworks",
				);
				PRODUCT_BUNDLE_IDENTIFIER = com.MichaelWen.iOSPlayer;
				PRODUCT_NAME = "$(TARGET_NAME)";
				SWIFT_VERSION = 5.0;
				TARGETED_DEVICE_FAMILY = "1,2";
			};
			name = Release;
		};
/* End XCBuildConfiguration section */

/* Begin XCConfigurationList section */
		5911C7EB225C3C0600BF89FB /* Build configuration list for PBXProject "iOSPlayer" */ = {
			isa = XCConfigurationList;
			buildConfigurations = (
				5911C803225C3C0800BF89FB /* Debug */,
				5911C804225C3C0800BF89FB /* Release */,
			);
			defaultConfigurationIsVisible = 0;
			defaultConfigurationName = Release;
		};
		5911C805225C3C0800BF89FB /* Build configuration list for PBXNativeTarget "iOSPlayer" */ = {
			isa = XCConfigurationList;
			buildConfigurations = (
				5911C806225C3C0800BF89FB /* Debug */,
				5911C807225C3C0800BF89FB /* Release */,
			);
			defaultConfigurationIsVisible = 0;
			defaultConfigurationName = Release;
		};
/* End XCConfigurationList section */

/* Begin XCVersionGroup section */
		5911C7FA225C3C0700BF89FB /* iOSPlayer.xcdatamodeld */ = {
			isa = XCVersionGroup;
			children = (
				5911C7FB225C3C0700BF89FB /* iOSPlayer.xcdatamodel */,
			);
			currentVersion = 5911C7FB225C3C0700BF89FB /* iOSPlayer.xcdatamodel */;
			path = iOSPlayer.xcdatamodeld;
			sourceTree = "<group>";
			versionGroupType = wrapper.xcdatamodel;
		};
/* End XCVersionGroup section */
	};
	rootObject = 5911C7E8225C3C0600BF89FB /* Project object */;
}
